
Microsoft Visual Studio Solution File, Format Version 12.00
# Visual Studio Version 17
VisualStudioVersion = 17.2.32630.192
MinimumVisualStudioVersion = 10.0.40219.1
Project("{FAE04EC0-301F-11D3-BF4B-00C04F79EFBC}") = "MyBooks", "MyBooks\MyBooks.csproj", "{E0F59876-3166-4C82-96B4-59A64F446172}"
EndProject
Global
	GlobalSection(SolutionConfigurationPlatforms) = preSolution
		Debug|Any CPU = Debug|Any CPU
		Release|Any CPU = Release|Any CPU
	EndGlobalSection
	GlobalSection(ProjectConfigurationPlatforms) = postSolution
		{E0F59876-3166-4C82-96B4-59A64F446172}.Debug|Any CPU.ActiveCfg = Debug|Any CPU
		{E0F59876-3166-4C82-96B4-59A64F446172}.Debug|Any CPU.Build.0 = Debug|Any CPU
		{E0F59876-3166-4C82-96B4-59A64F446172}.Release|Any CPU.ActiveCfg = Release|Any CPU
		{E0F59876-3166-4C82-96B4-59A64F446172}.Release|Any CPU.Build.0 = Release|Any CPU
	EndGlobalSection
	GlobalSection(SolutionProperties) = preSolution
		HideSolutionNode = FALSE
	EndGlobalSection
	GlobalSection(ExtensibilityGlobals) = postSolution
		SolutionGuid = {7281FEBD-7D4F-4FA9-9D37-FA1096AEAF4E}
	EndGlobalSection
EndGlobal
